
Microsoft Visual Studio Solution File, Format Version 12.00
# Visual Studio Version 16
VisualStudioVersion = 16.0.32002.261
MinimumVisualStudioVersion = 10.0.40219.1
Project("{FAE04EC0-301F-11D3-BF4B-00C04F79EFBC}") = "DS_Stack_And_Queue", "DS_Stack_And_Queue\DS_Stack_And_Queue.csproj", "{D16ACB54-2943-4B90-8459-213D9EFAD20D}"
EndProject
Global
	GlobalSection(SolutionConfigurationPlatforms) = preSolution
		Debug|Any CPU = Debug|Any CPU
		Release|Any CPU = Release|Any CPU
	EndGlobalSection
	GlobalSection(ProjectConfigurationPlatforms) = postSolution
		{D16ACB54-2943-4B90-8459-213D9EFAD20D}.Debug|Any CPU.ActiveCfg = Debug|Any CPU
		{D16ACB54-2943-4B90-8459-213D9EFAD20D}.Debug|Any CPU.Build.0 = Debug|Any CPU
		{D16ACB54-2943-4B90-8459-213D9EFAD20D}.Release|Any CPU.ActiveCfg = Release|Any CPU
		{D16ACB54-2943-4B90-8459-213D9EFAD20D}.Release|Any CPU.Build.0 = Release|Any CPU
	EndGlobalSection
	GlobalSection(SolutionProperties) = preSolution
		HideSolutionNode = FALSE
	EndGlobalSection
	GlobalSection(ExtensibilityGlobals) = postSolution
		SolutionGuid = {81CB5EB2-6355-44EA-A121-31C1816C0BAE}
	EndGlobalSection
EndGlobal
